
Microsoft Visual Studio Solution File, Format Version 12.00
# Visual Studio Version 16
VisualStudioVersion = 16.0.29613.14
MinimumVisualStudioVersion = 10.0.40219.1
Project("{FAE04EC0-301F-11D3-BF4B-00C04F79EFBC}") = "mwo.GenericConfiguration.Plugins", "mwo.GenericConfiguration.Plugins\mwo.GenericConfiguration.Plugins.csproj", "{5163C186-5D50-4627-A4F2-0B270751C2FA}"
EndProject
Project("{FAE04EC0-301F-11D3-BF4B-00C04F79EFBC}") = "mwo.GenericConfiguration.Plugins.Tests", "mwo.GenericConfiguration.Plugins.Tests\mwo.GenericConfiguration.Plugins.Tests.csproj", "{9579D466-9CA5-47AF-9E54-3C74891A7983}"
EndProject
Project("{FAE04EC0-301F-11D3-BF4B-00C04F79EFBC}") = "mwo.GenericConfiguration.Samples", "mwo.GenericConfiguration.Samples\mwo.GenericConfiguration.Samples.csproj", "{C4A01751-BD4E-4F51-838F-7AFC6537FD7A}"
EndProject
Project("{FAE04EC0-301F-11D3-BF4B-00C04F79EFBC}") = "mwo.GenericConfiguration.Samples.Tests", "mwo.GenericConfiguration.Samples.Tests\mwo.GenericConfiguration.Samples.Tests.csproj", "{9A40191E-2871-4D5E-95BE-9424758685B5}"
EndProject
Global
	GlobalSection(SolutionConfigurationPlatforms) = preSolution
		Debug|Any CPU = Debug|Any CPU
		Release|Any CPU = Release|Any CPU
	EndGlobalSection
	GlobalSection(ProjectConfigurationPlatforms) = postSolution
		{5163C186-5D50-4627-A4F2-0B270751C2FA}.Debug|Any CPU.ActiveCfg = Debug|Any CPU
		{5163C186-5D50-4627-A4F2-0B270751C2FA}.Debug|Any CPU.Build.0 = Debug|Any CPU
		{5163C186-5D50-4627-A4F2-0B270751C2FA}.Release|Any CPU.ActiveCfg = Release|Any CPU
		{5163C186-5D50-4627-A4F2-0B270751C2FA}.Release|Any CPU.Build.0 = Release|Any CPU
		{9579D466-9CA5-47AF-9E54-3C74891A7983}.Debug|Any CPU.ActiveCfg = Debug|Any CPU
		{9579D466-9CA5-47AF-9E54-3C74891A7983}.Debug|Any CPU.Build.0 = Debug|Any CPU
		{9579D466-9CA5-47AF-9E54-3C74891A7983}.Release|Any CPU.ActiveCfg = Release|Any CPU
		{9579D466-9CA5-47AF-9E54-3C74891A7983}.Release|Any CPU.Build.0 = Release|Any CPU
		{C4A01751-BD4E-4F51-838F-7AFC6537FD7A}.Debug|Any CPU.ActiveCfg = Debug|Any CPU
		{C4A01751-BD4E-4F51-838F-7AFC6537FD7A}.Debug|Any CPU.Build.0 = Debug|Any CPU
		{C4A01751-BD4E-4F51-838F-7AFC6537FD7A}.Release|Any CPU.ActiveCfg = Release|Any CPU
		{C4A01751-BD4E-4F51-838F-7AFC6537FD7A}.Release|Any CPU.Build.0 = Release|Any CPU
		{9A40191E-2871-4D5E-95BE-9424758685B5}.Debug|Any CPU.ActiveCfg = Debug|Any CPU
		{9A40191E-2871-4D5E-95BE-9424758685B5}.Debug|Any CPU.Build.0 = Debug|Any CPU
		{9A40191E-2871-4D5E-95BE-9424758685B5}.Release|Any CPU.ActiveCfg = Release|Any CPU
		{9A40191E-2871-4D5E-95BE-9424758685B5}.Release|Any CPU.Build.0 = Release|Any CPU
	EndGlobalSection
	GlobalSection(SolutionProperties) = preSolution
		HideSolutionNode = FALSE
	EndGlobalSection
	GlobalSection(ExtensibilityGlobals) = postSolution
		SolutionGuid = {FD00886F-3226-4FA3-9A49-29B9CDB07CC7}
	EndGlobalSection
EndGlobal
